// !$*UTF8*$!
{
	archiveVersion = 1;
	classes = {
	};
	objectVersion = 50;
	objects = {

/* Begin PBXBuildFile section */
		A04D48A7206DFCB800F4E46D /* ApplicationDelegate.swift in Sources */ = {isa = PBXBuildFile; fileRef = A04D48A6206DFCB800F4E46D /* ApplicationDelegate.swift */; };
		A04D48A9206DFCB800F4E46D /* ViewController.swift in Sources */ = {isa = PBXBuildFile; fileRef = A04D48A8206DFCB800F4E46D /* ViewController.swift */; };
		A04D48AB206DFCB900F4E46D /* Assets.xcassets in Resources */ = {isa = PBXBuildFile; fileRef = A04D48AA206DFCB900F4E46D /* Assets.xcassets */; };
		A04D48AE206DFCB900F4E46D /* Main.storyboard in Resources */ = {isa = PBXBuildFile; fileRef = A04D48AC206DFCB900F4E46D /* Main.storyboard */; };
		A04D48B7206DFE5E00F4E46D /* Shaders.metal in Sources */ = {isa = PBXBuildFile; fileRef = A04D48B6206DFE5E00F4E46D /* Shaders.metal */; };
		A06AB3822078369300E1BAFF /* simd.swift in Sources */ = {isa = PBXBuildFile; fileRef = A06AB3812078369300E1BAFF /* simd.swift */; };
		A06E45CC207AFA0200B0B01B /* ClosedRange.swift in Sources */ = {isa = PBXBuildFile; fileRef = A06E45CB207AFA0200B0B01B /* ClosedRange.swift */; };
		A0BF1B08207ACF4500F19C7F /* PointCloud.swift in Sources */ = {isa = PBXBuildFile; fileRef = A0BF1B07207ACF4500F19C7F /* PointCloud.swift */; };
		A0E296CB207BFE4A008840E0 /* pointcloud1.fuse in Resources */ = {isa = PBXBuildFile; fileRef = A0E296C7207BFC45008840E0 /* pointcloud1.fuse */; };
		A0E296CC207BFE4A008840E0 /* pointcloud2.fuse in Resources */ = {isa = PBXBuildFile; fileRef = A0E296C6207BFC44008840E0 /* pointcloud2.fuse */; };
		A0E296CE207C0AAF008840E0 /* Int.swift in Sources */ = {isa = PBXBuildFile; fileRef = A0E296CD207C0AAF008840E0 /* Int.swift */; };
/* End PBXBuildFile section */

/* Begin PBXFileReference section */
		A04D48A3206DFCB800F4E46D /* PointOfView.app */ = {isa = PBXFileReference; explicitFileType = wrapper.application; includeInIndex = 0; path = PointOfView.app; sourceTree = BUILT_PRODUCTS_DIR; };
		A04D48A6206DFCB800F4E46D /* ApplicationDelegate.swift */ = {isa = PBXFileReference; lastKnownFileType = sourcecode.swift; path = ApplicationDelegate.swift; sourceTree = "<group>"; };
		A04D48A8206DFCB800F4E46D /* ViewController.swift */ = {isa = PBXFileReference; lastKnownFileType = sourcecode.swift; path = ViewController.swift; sourceTree = "<group>"; };
		A04D48AA206DFCB900F4E46D /* Assets.xcassets */ = {isa = PBXFileReference; lastKnownFileType = folder.assetcatalog; path = Assets.xcassets; sourceTree = "<group>"; };
		A04D48AD206DFCB900F4E46D /* Base */ = {isa = PBXFileReference; lastKnownFileType = file.storyboard; name = Base; path = Base.lproj/Main.storyboard; sourceTree = "<group>"; };
		A04D48AF206DFCB900F4E46D /* Info.plist */ = {isa = PBXFileReference; lastKnownFileType = text.plist.xml; path = Info.plist; sourceTree = "<group>"; };
		A04D48B0206DFCB900F4E46D /* PointOfView.entitlements */ = {isa = PBXFileReference; lastKnownFileType = text.plist.entitlements; path = PointOfView.entitlements; sourceTree = "<group>"; };
		A04D48B6206DFE5E00F4E46D /* Shaders.metal */ = {isa = PBXFileReference; lastKnownFileType = sourcecode.metal; path = Shaders.metal; sourceTree = "<group>"; };
		A06AB3812078369300E1BAFF /* simd.swift */ = {isa = PBXFileReference; lastKnownFileType = sourcecode.swift; path = simd.swift; sourceTree = "<group>"; };
		A06E45CB207AFA0200B0B01B /* ClosedRange.swift */ = {isa = PBXFileReference; lastKnownFileType = sourcecode.swift; path = ClosedRange.swift; sourceTree = "<group>"; };
		A0BF1B07207ACF4500F19C7F /* PointCloud.swift */ = {isa = PBXFileReference; lastKnownFileType = sourcecode.swift; path = PointCloud.swift; sourceTree = "<group>"; };
		A0E296C6207BFC44008840E0 /* pointcloud2.fuse */ = {isa = PBXFileReference; fileEncoding = 4; lastKnownFileType = text; path = pointcloud2.fuse; sourceTree = "<group>"; };
		A0E296C7207BFC45008840E0 /* pointcloud1.fuse */ = {isa = PBXFileReference; fileEncoding = 4; lastKnownFileType = text; path = pointcloud1.fuse; sourceTree = "<group>"; };
		A0E296CD207C0AAF008840E0 /* Int.swift */ = {isa = PBXFileReference; lastKnownFileType = sourcecode.swift; path = Int.swift; sourceTree = "<group>"; };
/* End PBXFileReference section */

/* Begin PBXFrameworksBuildPhase section */
		A04D48A0206DFCB800F4E46D /* Frameworks */ = {
			isa = PBXFrameworksBuildPhase;
			buildActionMask = 2147483647;
			files = (
			);
			runOnlyForDeploymentPostprocessing = 0;
		};
/* End PBXFrameworksBuildPhase section */

/* Begin PBXGroup section */
		A04D489A206DFCB800F4E46D = {
			isa = PBXGroup;
			children = (
				A04D48A5206DFCB800F4E46D /* PointOfView */,
				A04D48A4206DFCB800F4E46D /* Products */,
			);
			sourceTree = "<group>";
		};
		A04D48A4206DFCB800F4E46D /* Products */ = {
			isa = PBXGroup;
			children = (
				A04D48A3206DFCB800F4E46D /* PointOfView.app */,
			);
			name = Products;
			sourceTree = "<group>";
		};
		A04D48A5206DFCB800F4E46D /* PointOfView */ = {
			isa = PBXGroup;
			children = (
				A06AB3852078370100E1BAFF /* Visualization */,
				A06AB384207836DA00E1BAFF /* Data */,
				A06AB3832078369F00E1BAFF /* Extensions */,
				A04D48B6206DFE5E00F4E46D /* Shaders.metal */,
				A04D48AA206DFCB900F4E46D /* Assets.xcassets */,
				A0E296CA207BFCF1008840E0 /* Assets */,
				A04D48AC206DFCB900F4E46D /* Main.storyboard */,
				A04D48AF206DFCB900F4E46D /* Info.plist */,
				A04D48B0206DFCB900F4E46D /* PointOfView.entitlements */,
			);
			path = PointOfView;
			sourceTree = "<group>";
		};
		A06AB3832078369F00E1BAFF /* Extensions */ = {
			isa = PBXGroup;
			children = (
				A06E45CB207AFA0200B0B01B /* ClosedRange.swift */,
				A0E296CD207C0AAF008840E0 /* Int.swift */,
				A06AB3812078369300E1BAFF /* simd.swift */,
			);
			path = Extensions;
			sourceTree = "<group>";
		};
		A06AB384207836DA00E1BAFF /* Data */ = {
			isa = PBXGroup;
			children = (
				A0BF1B07207ACF4500F19C7F /* PointCloud.swift */,
			);
			path = Data;
			sourceTree = "<group>";
		};
		A06AB3852078370100E1BAFF /* Visualization */ = {
			isa = PBXGroup;
			children = (
				A04D48A6206DFCB800F4E46D /* ApplicationDelegate.swift */,
				A04D48A8206DFCB800F4E46D /* ViewController.swift */,
			);
			path = Visualization;
			sourceTree = "<group>";
		};
		A0E296CA207BFCF1008840E0 /* Assets */ = {
			isa = PBXGroup;
			children = (
				A0E296C7207BFC45008840E0 /* pointcloud1.fuse */,
				A0E296C6207BFC44008840E0 /* pointcloud2.fuse */,
			);
			path = Assets;
			sourceTree = "<group>";
		};
/* End PBXGroup section */

/* Begin PBXNativeTarget section */
		A04D48A2206DFCB800F4E46D /* PointOfView */ = {
			isa = PBXNativeTarget;
			buildConfigurationList = A04D48B3206DFCB900F4E46D /* Build configuration list for PBXNativeTarget "PointOfView" */;
			buildPhases = (
				A04D489F206DFCB800F4E46D /* Sources */,
				A04D48A0206DFCB800F4E46D /* Frameworks */,
				A04D48A1206DFCB800F4E46D /* Resources */,
			);
			buildRules = (
			);
			dependencies = (
			);
			name = PointOfView;
			productName = PointOfView;
			productReference = A04D48A3206DFCB800F4E46D /* PointOfView.app */;
			productType = "com.apple.product-type.application";
		};
/* End PBXNativeTarget section */

/* Begin PBXProject section */
		A04D489B206DFCB800F4E46D /* Project object */ = {
			isa = PBXProject;
			attributes = {
				LastSwiftUpdateCheck = 0930;
				LastUpgradeCheck = 0930;
				ORGANIZATIONNAME = Myang;
				TargetAttributes = {
					A04D48A2206DFCB800F4E46D = {
						CreatedOnToolsVersion = 9.3;
					};
				};
			};
			buildConfigurationList = A04D489E206DFCB800F4E46D /* Build configuration list for PBXProject "PointOfView" */;
			compatibilityVersion = "Xcode 9.3";
			developmentRegion = en;
			hasScannedForEncodings = 0;
			knownRegions = (
				en,
				Base,
			);
			mainGroup = A04D489A206DFCB800F4E46D;
			productRefGroup = A04D48A4206DFCB800F4E46D /* Products */;
			projectDirPath = "";
			projectRoot = "";
			targets = (
				A04D48A2206DFCB800F4E46D /* PointOfView */,
			);
		};
/* End PBXProject section */

/* Begin PBXResourcesBuildPhase section */
		A04D48A1206DFCB800F4E46D /* Resources */ = {
			isa = PBXResourcesBuildPhase;
			buildActionMask = 2147483647;
			files = (
				A0E296CB207BFE4A008840E0 /* pointcloud1.fuse in Resources */,
				A0E296CC207BFE4A008840E0 /* pointcloud2.fuse in Resources */,
				A04D48AB206DFCB900F4E46D /* Assets.xcassets in Resources */,
				A04D48AE206DFCB900F4E46D /* Main.storyboard in Resources */,
			);
			runOnlyForDeploymentPostprocessing = 0;
		};
/* End PBXResourcesBuildPhase section */

/* Begin PBXSourcesBuildPhase section */
		A04D489F206DFCB800F4E46D /* Sources */ = {
			isa = PBXSourcesBuildPhase;
			buildActionMask = 2147483647;
			files = (
				A0BF1B08207ACF4500F19C7F /* PointCloud.swift in Sources */,
				A04D48B7206DFE5E00F4E46D /* Shaders.metal in Sources */,
				A06AB3822078369300E1BAFF /* simd.swift in Sources */,
				A0E296CE207C0AAF008840E0 /* Int.swift in Sources */,
				A06E45CC207AFA0200B0B01B /* ClosedRange.swift in Sources */,
				A04D48A9206DFCB800F4E46D /* ViewController.swift in Sources */,
				A04D48A7206DFCB800F4E46D /* ApplicationDelegate.swift in Sources */,
			);
			runOnlyForDeploymentPostprocessing = 0;
		};
/* End PBXSourcesBuildPhase section */

/* Begin PBXVariantGroup section */
		A04D48AC206DFCB900F4E46D /* Main.storyboard */ = {
			isa = PBXVariantGroup;
			children = (
				A04D48AD206DFCB900F4E46D /* Base */,
			);
			name = Main.storyboard;
			sourceTree = "<group>";
		};
/* End PBXVariantGroup section */

/* Begin XCBuildConfiguration section */
		A04D48B1206DFCB900F4E46D /* Debug */ = {
			isa = XCBuildConfiguration;
			buildSettings = {
				ALWAYS_SEARCH_USER_PATHS = NO;
				CLANG_ANALYZER_NONNULL = YES;
				CLANG_ANALYZER_NUMBER_OBJECT_CONVERSION = YES_AGGRESSIVE;
				CLANG_CXX_LANGUAGE_STANDARD = "gnu++14";
				CLANG_CXX_LIBRARY = "libc++";
				CLANG_ENABLE_MODULES = YES;
				CLANG_ENABLE_OBJC_ARC = YES;
				CLANG_ENABLE_OBJC_WEAK = YES;
				CLANG_WARN_BLOCK_CAPTURE_AUTORELEASING = YES;
				CLANG_WARN_BOOL_CONVERSION = YES;
				CLANG_WARN_COMMA = YES;
				CLANG_WARN_CONSTANT_CONVERSION = YES;
				CLANG_WARN_DEPRECATED_OBJC_IMPLEMENTATIONS = YES;
				CLANG_WARN_DIRECT_OBJC_ISA_USAGE = YES_ERROR;
				CLANG_WARN_DOCUMENTATION_COMMENTS = YES;
				CLANG_WARN_EMPTY_BODY = YES;
				CLANG_WARN_ENUM_CONVERSION = YES;
				CLANG_WARN_INFINITE_RECURSION = YES;
				CLANG_WARN_INT_CONVERSION = YES;
				CLANG_WARN_NON_LITERAL_NULL_CONVERSION = YES;
				CLANG_WARN_OBJC_IMPLICIT_RETAIN_SELF = YES;
				CLANG_WARN_OBJC_LITERAL_CONVERSION = YES;
				CLANG_WARN_OBJC_ROOT_CLASS = YES_ERROR;
				CLANG_WARN_RANGE_LOOP_ANALYSIS = YES;
				CLANG_WARN_STRICT_PROTOTYPES = YES;
				CLANG_WARN_SUSPICIOUS_MOVE = YES;
				CLANG_WARN_UNGUARDED_AVAILABILITY = YES_AGGRESSIVE;
				CLANG_WARN_UNREACHABLE_CODE = YES;
				CLANG_WARN__DUPLICATE_METHOD_MATCH = YES;
				CODE_SIGN_IDENTITY = "-";
				COPY_PHASE_STRIP = NO;
				DEBUG_INFORMATION_FORMAT = dwarf;
				ENABLE_STRICT_OBJC_MSGSEND = YES;
				ENABLE_TESTABILITY = YES;
				GCC_C_LANGUAGE_STANDARD = gnu11;
				GCC_DYNAMIC_NO_PIC = NO;
				GCC_NO_COMMON_BLOCKS = YES;
				GCC_OPTIMIZATION_LEVEL = 0;
				GCC_PREPROCESSOR_DEFINITIONS = (
					"DEBUG=1",
					"$(inherited)",
				);
				GCC_WARN_64_TO_32_BIT_CONVERSION = YES;
				GCC_WARN_ABOUT_RETURN_TYPE = YES_ERROR;
				GCC_WARN_UNDECLARED_SELECTOR = YES;
				GCC_WARN_UNINITIALIZED_AUTOS = YES_AGGRESSIVE;
				GCC_WARN_UNUSED_FUNCTION = YES;
				GCC_WARN_UNUSED_VARIABLE = YES;
				MACOSX_DEPLOYMENT_TARGET = 10.13;
				MTL_ENABLE_DEBUG_INFO = YES;
				MTL_FAST_MATH = YES;
				MTL_LANGUAGE_REVISION = Metal20;
				MTL_OPTIMIZATION_LEVEL = 3;
				ONLY_ACTIVE_ARCH = YES;
				SDKROOT = macosx;
				SWIFT_ACTIVE_COMPILATION_CONDITIONS = DEBUG;
				SWIFT_OPTIMIZATION_LEVEL = "-Onone";
				SWIFT_PRECOMPILE_BRIDGING_HEADER = YES;
			};
			name = Debug;
		};
		A04D48B2206DFCB900F4E46D /* Release */ = {
			isa = XCBuildConfiguration;
			buildSettings = {
				ALWAYS_SEARCH_USER_PATHS = NO;
				CLANG_ANALYZER_NONNULL = YES;
				CLANG_ANALYZER_NUMBER_OBJECT_CONVERSION = YES_AGGRESSIVE;
				CLANG_CXX_LANGUAGE_STANDARD = "gnu++14";
				CLANG_CXX_LIBRARY = "libc++";
				CLANG_ENABLE_MODULES = YES;
				CLANG_ENABLE_OBJC_ARC = YES;
				CLANG_ENABLE_OBJC_WEAK = YES;
				CLANG_WARN_BLOCK_CAPTURE_AUTORELEASING = YES;
				CLANG_WARN_BOOL_CONVERSION = YES;
				CLANG_WARN_COMMA = YES;
				CLANG_WARN_CONSTANT_CONVERSION = YES;
				CLANG_WARN_DEPRECATED_OBJC_IMPLEMENTATIONS = YES;
				CLANG_WARN_DIRECT_OBJC_ISA_USAGE = YES_ERROR;
				CLANG_WARN_DOCUMENTATION_COMMENTS = YES;
				CLANG_WARN_EMPTY_BODY = YES;
				CLANG_WARN_ENUM_CONVERSION = YES;
				CLANG_WARN_INFINITE_RECURSION = YES;
				CLANG_WARN_INT_CONVERSION = YES;
				CLANG_WARN_NON_LITERAL_NULL_CONVERSION = YES;
				CLANG_WARN_OBJC_IMPLICIT_RETAIN_SELF = YES;
				CLANG_WARN_OBJC_LITERAL_CONVERSION = YES;
				CLANG_WARN_OBJC_ROOT_CLASS = YES_ERROR;
				CLANG_WARN_RANGE_LOOP_ANALYSIS = YES;
				CLANG_WARN_STRICT_PROTOTYPES = YES;
				CLANG_WARN_SUSPICIOUS_MOVE = YES;
				CLANG_WARN_UNGUARDED_AVAILABILITY = YES_AGGRESSIVE;
				CLANG_WARN_UNREACHABLE_CODE = YES;
				CLANG_WARN__DUPLICATE_METHOD_MATCH = YES;
				CODE_SIGN_IDENTITY = "-";
				COPY_PHASE_STRIP = NO;
				DEBUG_INFORMATION_FORMAT = "dwarf-with-dsym";
				ENABLE_NS_ASSERTIONS = NO;
				ENABLE_STRICT_OBJC_MSGSEND = YES;
				GCC_C_LANGUAGE_STANDARD = gnu11;
				GCC_NO_COMMON_BLOCKS = YES;
				GCC_WARN_64_TO_32_BIT_CONVERSION = YES;
				GCC_WARN_ABOUT_RETURN_TYPE = YES_ERROR;
				GCC_WARN_UNDECLARED_SELECTOR = YES;
				GCC_WARN_UNINITIALIZED_AUTOS = YES_AGGRESSIVE;
				GCC_WARN_UNUSED_FUNCTION = YES;
				GCC_WARN_UNUSED_VARIABLE = YES;
				MACOSX_DEPLOYMENT_TARGET = 10.13;
				MTL_ENABLE_DEBUG_INFO = NO;
				MTL_FAST_MATH = YES;
				MTL_LANGUAGE_REVISION = Metal20;
				MTL_OPTIMIZATION_LEVEL = 3;
				SDKROOT = macosx;
				SWIFT_COMPILATION_MODE = wholemodule;
				SWIFT_OPTIMIZATION_LEVEL = "-O";
				SWIFT_PRECOMPILE_BRIDGING_HEADER = YES;
			};
			name = Release;
		};
		A04D48B4206DFCB900F4E46D /* Debug */ = {
			isa = XCBuildConfiguration;
			buildSettings = {
				ASSETCATALOG_COMPILER_APPICON_NAME = AppIcon;
				CODE_SIGN_ENTITLEMENTS = PointOfView/PointOfView.entitlements;
				CODE_SIGN_STYLE = Automatic;
				COMBINE_HIDPI_IMAGES = YES;
				INFOPLIST_FILE = PointOfView/Info.plist;
				LD_RUNPATH_SEARCH_PATHS = (
					"$(inherited)",
					"@executable_path/../Frameworks",
				);
				PRODUCT_BUNDLE_IDENTIFIER = Myang.PointOfView;
				PRODUCT_NAME = "$(TARGET_NAME)";
				SWIFT_VERSION = 4.0;
			};
			name = Debug;
		};
		A04D48B5206DFCB900F4E46D /* Release */ = {
			isa = XCBuildConfiguration;
			buildSettings = {
				ASSETCATALOG_COMPILER_APPICON_NAME = AppIcon;
				CODE_SIGN_ENTITLEMENTS = PointOfView/PointOfView.entitlements;
				CODE_SIGN_STYLE = Automatic;
				COMBINE_HIDPI_IMAGES = YES;
				INFOPLIST_FILE = PointOfView/Info.plist;
				LD_RUNPATH_SEARCH_PATHS = (
					"$(inherited)",
					"@executable_path/../Frameworks",
				);
				PRODUCT_BUNDLE_IDENTIFIER = Myang.PointOfView;
				PRODUCT_NAME = "$(TARGET_NAME)";
				SWIFT_VERSION = 4.0;
			};
			name = Release;
		};
/* End XCBuildConfiguration section */

/* Begin XCConfigurationList section */
		A04D489E206DFCB800F4E46D /* Build configuration list for PBXProject "PointOfView" */ = {
			isa = XCConfigurationList;
			buildConfigurations = (
				A04D48B1206DFCB900F4E46D /* Debug */,
				A04D48B2206DFCB900F4E46D /* Release */,
			);
			defaultConfigurationIsVisible = 0;
			defaultConfigurationName = Release;
		};
		A04D48B3206DFCB900F4E46D /* Build configuration list for PBXNativeTarget "PointOfView" */ = {
			isa = XCConfigurationList;
			buildConfigurations = (
				A04D48B4206DFCB900F4E46D /* Debug */,
				A04D48B5206DFCB900F4E46D /* Release */,
			);
			defaultConfigurationIsVisible = 0;
			defaultConfigurationName = Release;
		};
/* End XCConfigurationList section */
	};
	rootObject = A04D489B206DFCB800F4E46D /* Project object */;
}
